
Microsoft Visual Studio Solution File, Format Version 12.00
# Visual Studio Version 16
VisualStudioVersion = 16.0.29306.81
MinimumVisualStudioVersion = 10.0.40219.1
Project("{FAE04EC0-301F-11D3-BF4B-00C04F79EFBC}") = "AbstractFactoryPatternDia", "AbstractFactoryPatternDia\AbstractFactoryPatternDia.csproj", "{36AF07CA-F85E-4C8B-AFDB-2AFD5DDAF001}"
EndProject
Global
	GlobalSection(SolutionConfigurationPlatforms) = preSolution
		Debug|Any CPU = Debug|Any CPU
		Release|Any CPU = Release|Any CPU
	EndGlobalSection
	GlobalSection(ProjectConfigurationPlatforms) = postSolution
		{36AF07CA-F85E-4C8B-AFDB-2AFD5DDAF001}.Debug|Any CPU.ActiveCfg = Debug|Any CPU
		{36AF07CA-F85E-4C8B-AFDB-2AFD5DDAF001}.Debug|Any CPU.Build.0 = Debug|Any CPU
		{36AF07CA-F85E-4C8B-AFDB-2AFD5DDAF001}.Release|Any CPU.ActiveCfg = Release|Any CPU
		{36AF07CA-F85E-4C8B-AFDB-2AFD5DDAF001}.Release|Any CPU.Build.0 = Release|Any CPU
	EndGlobalSection
	GlobalSection(SolutionProperties) = preSolution
		HideSolutionNode = FALSE
	EndGlobalSection
	GlobalSection(ExtensibilityGlobals) = postSolution
		SolutionGuid = {B28194D5-B5DD-4317-B3AF-35CF519879E6}
	EndGlobalSection
EndGlobal
